github.com/aarsakian/EWF_Reader v0.0.0-20230830145827-dfd08b7e1b8e h1:ePCjBdVRHUQT+feEM1dJCKdNHwCy6M++HMNggne0V0g=
github.com/aarsakian/EWF_Reader v0.0.0-20230830145827-dfd08b7e1b8e/go.mod h1:d6erJYcE1G79EhLFO1lTgteghLoEYyn3B4MEsTR2Hpo=
github.com/aarsakian/EWF_Reader v0.0.0-20230831103417-68f919790c85 h1:GTDJI8QY9wFYxzLYW8poS9JbG7gKjGzhqifPiQSArrc=
github.com/aarsakian/EWF_Reader v0.0.0-20230831103417-68f919790c85/go.mod h1:d6erJYcE1G79EhLFO1lTgteghLoEYyn3B4MEsTR2Hpo=
github.com/aarsakian/EWF_Reader v0.0.0-20230904155406-b886f99bb71a h1:g43TkR7k3mqdGzY+7r8EHmGXNZU4Eb5EtVo+GWDBjEY=
github.com/aarsakian/EWF_Reader v0.0.0-20230904155406-b886f99bb71a/go.mod h1:d6erJYcE1G79EhLFO1lTgteghLoEYyn3B4MEsTR2Hpo=
github.com/aarsakian/EWF_Reader v0.0.0-20230908175611-b1fce36b50f4 h1:wIgeaO2u7RktSvaCzdaY/ROwktBgqtCeQRCLDTrwK9s=
github.com/aarsakian/EWF_Reader v0.0.0-20230908175611-b1fce36b50f4/go.mod h1:d6erJYcE1G79EhLFO1lTgteghLoEYyn3B4MEsTR2Hpo=
github.com/aarsakian/EWF_Reader v0.0.0-20230910121341-7d578de13884 h1:Pxg02zGOpFJ7cStzyYK1DcU8JM7ZkD1edzcIE+KqkBU=
github.com/aarsakian/EWF_Reader v0.0.0-20230910121341-7d578de13884/go.mod h1:d6erJYcE1G79EhLFO1lTgteghLoEYyn3B4MEsTR2Hpo=
github.com/aarsakian/EWF_Reader v0.0.0-20230911071126-9f8bf84d779f h1:9PHcbmVOmhcK3wwEp1THjmWVc3QcqRuR8d7HEDjEoqA=
github.com/aarsakian/EWF_Reader v0.0.0-20230911071126-9f8bf84d779f/go.mod h1:d6erJYcE1G79EhLFO1lTgteghLoEYyn3B4MEsTR2Hpo=
github.com/aarsakian/EWF_Reader v0.0.0-20230911074600-446b33ffc9cf h1:Fn6hL9aCSixAgHfEv6whY2a27bdUJjQOzRJsNPjYhJ0=
github.com/aarsakian/EWF_Reader v0.0.0-20230911074600-446b33ffc9cf/go.mod h1:d6erJYcE1G79EhLFO1lTgteghLoEYyn3B4MEsTR2Hpo=
github.com/aarsakian/EWF_Reader v0.0.0-20230914173612-930bc570731e h1:6n+P07r3GYOR8BHE+cGeLmrQTFTXI8fObDIORRrP8wQ=
github.com/aarsakian/EWF_Reader v0.0.0-20230914173612-930bc570731e/go.mod h1:d6erJYcE1G79EhLFO1lTgteghLoEYyn3B4MEsTR2Hpo=
github.com/aarsakian/EWF_Reader v0.0.0-20230921172600-708931c9cbbf h1:ZVi+fh3RWjMl4+vxPsHuGKJ1H+2e6V0I2TX+L2V3lpg=
github.com/aarsakian/EWF_Reader v0.0.0-20230921172600-708931c9cbbf/go.mod h1:d6erJYcE1G79EhLFO1lTgteghLoEYyn3B4MEsTR2Hpo=
github.com/aarsakian/EWF_Reader v0.0.0-20231017063831-ea808957df06 h1:JWsR5p+9B51/RuoxMW9hRnG5ssgf6fMtDWLUly/qOxI=
github.com/aarsakian/EWF_Reader v0.0.0-20231017063831-ea808957df06/go.mod h1:d6erJYcE1G79EhLFO1lTgteghLoEYyn3B4MEsTR2Hpo=
github.com/aarsakian/EWF_Reader v0.0.0-20231017124704-760c6ebc397d h1:1jPofBR1nQQ/LijsoJzkElxV4BWeoyDKM6W7LyVGUTk=
github.com/aarsakian/EWF_Reader v0.0.0-20231017124704-760c6ebc397d/go.mod h1:d6erJYcE1G79EhLFO1lTgteghLoEYyn3B4MEsTR2Hpo=
github.com/aarsakian/EWF_Reader v0.0.0-20231017125543-c8e35559dd3c h1:wQ+QkT3A9Ptcv3VLJ3O9YyhUK7WWRLcRBbuFIlZzRcc=
github.com/aarsakian/EWF_Reader v0.0.0-20231017125543-c8e35559dd3c/go.mod h1:d6erJYcE1G79EhLFO1lTgteghLoEYyn3B4MEsTR2Hpo=
golang.org/x/sys v0.0.0-20220319134239-a9b59b0215f8 h1:OH54vjqzRWmbJ62fjuhxy7AxFFgoHN0/DPc/UrL8cAs=
golang.org/x/sys v0.0.0-20220319134239-a9b59b0215f8/go.mod h1:oPkhp1MJrh7nUepCBck5+mAzfO9JrbApNNgaTdGDITg=
golang.org/x/sys v0.12.0 h1:CM0HF96J0hcLAwsHPJZjfdNzs0gftsLfgKt57wWHJ0o=
golang.org/x/sys v0.12.0/go.mod h1:oPkhp1MJrh7nUepCBck5+mAzfO9JrbApNNgaTdGDITg=
golang.org/x/text v0.13.0 h1:ablQoSUd0tRdKxZewP80B+BaqeKJuVhuRxj/dkrun3k=
golang.org/x/text v0.13.0/go.mod h1:TvPlkZtksWOMsz7fbANvkp4WM8x/WCo/om8BMLbz+aE=
